
Microsoft Visual Studio Solution File, Format Version 12.00
# Visual Studio Version 16
VisualStudioVersion = 16.0.31313.79
MinimumVisualStudioVersion = 10.0.40219.1
Project("{9A19103F-16F7-4668-BE54-9A1E7A4F7556}") = "Entities", "Entities\Entities.csproj", "{0CFC5B54-F852-4121-8AD4-2E573E567165}"
EndProject
Project("{9A19103F-16F7-4668-BE54-9A1E7A4F7556}") = "Core", "..\..\..\Downloads\ReCapSolution-master\ReCapSolution-master\Core\Core.csproj", "{35DFAFFF-43F8-48C5-A66F-7973E709884B}"
EndProject
Project("{9A19103F-16F7-4668-BE54-9A1E7A4F7556}") = "DataAccess", "DataAccess\DataAccess.csproj", "{C0298F5F-A375-49C9-AFA6-80238804D5E9}"
EndProject
Project("{FAE04EC0-301F-11D3-BF4B-00C04F79EFBC}") = "Business", "Business\Business.csproj", "{4E1966AD-C3F8-49D5-90CE-45B57FFC1847}"
EndProject
Project("{FAE04EC0-301F-11D3-BF4B-00C04F79EFBC}") = "WebAPI", "WebAPI\WebAPI.csproj", "{34A1D08E-11C3-4D53-AB44-CF907AC4F40D}"
EndProject
Global
	GlobalSection(SolutionConfigurationPlatforms) = preSolution
		Debug|Any CPU = Debug|Any CPU
		Release|Any CPU = Release|Any CPU
	EndGlobalSection
	GlobalSection(ProjectConfigurationPlatforms) = postSolution
		{0CFC5B54-F852-4121-8AD4-2E573E567165}.Debug|Any CPU.ActiveCfg = Debug|Any CPU
		{0CFC5B54-F852-4121-8AD4-2E573E567165}.Debug|Any CPU.Build.0 = Debug|Any CPU
		{0CFC5B54-F852-4121-8AD4-2E573E567165}.Release|Any CPU.ActiveCfg = Release|Any CPU
		{0CFC5B54-F852-4121-8AD4-2E573E567165}.Release|Any CPU.Build.0 = Release|Any CPU
		{35DFAFFF-43F8-48C5-A66F-7973E709884B}.Debug|Any CPU.ActiveCfg = Debug|Any CPU
		{35DFAFFF-43F8-48C5-A66F-7973E709884B}.Debug|Any CPU.Build.0 = Debug|Any CPU
		{35DFAFFF-43F8-48C5-A66F-7973E709884B}.Release|Any CPU.ActiveCfg = Release|Any CPU
		{35DFAFFF-43F8-48C5-A66F-7973E709884B}.Release|Any CPU.Build.0 = Release|Any CPU
		{C0298F5F-A375-49C9-AFA6-80238804D5E9}.Debug|Any CPU.ActiveCfg = Debug|Any CPU
		{C0298F5F-A375-49C9-AFA6-80238804D5E9}.Debug|Any CPU.Build.0 = Debug|Any CPU
		{C0298F5F-A375-49C9-AFA6-80238804D5E9}.Release|Any CPU.ActiveCfg = Release|Any CPU
		{C0298F5F-A375-49C9-AFA6-80238804D5E9}.Release|Any CPU.Build.0 = Release|Any CPU
		{4E1966AD-C3F8-49D5-90CE-45B57FFC1847}.Debug|Any CPU.ActiveCfg = Debug|Any CPU
		{4E1966AD-C3F8-49D5-90CE-45B57FFC1847}.Debug|Any CPU.Build.0 = Debug|Any CPU
		{4E1966AD-C3F8-49D5-90CE-45B57FFC1847}.Release|Any CPU.ActiveCfg = Release|Any CPU
		{4E1966AD-C3F8-49D5-90CE-45B57FFC1847}.Release|Any CPU.Build.0 = Release|Any CPU
		{34A1D08E-11C3-4D53-AB44-CF907AC4F40D}.Debug|Any CPU.ActiveCfg = Debug|Any CPU
		{34A1D08E-11C3-4D53-AB44-CF907AC4F40D}.Debug|Any CPU.Build.0 = Debug|Any CPU
		{34A1D08E-11C3-4D53-AB44-CF907AC4F40D}.Release|Any CPU.ActiveCfg = Release|Any CPU
		{34A1D08E-11C3-4D53-AB44-CF907AC4F40D}.Release|Any CPU.Build.0 = Release|Any CPU
	EndGlobalSection
	GlobalSection(SolutionProperties) = preSolution
		HideSolutionNode = FALSE
	EndGlobalSection
	GlobalSection(ExtensibilityGlobals) = postSolution
		SolutionGuid = {C24B18C5-A2DE-494F-86EB-FC4041D38E04}
	EndGlobalSection
EndGlobal
